
Microsoft Visual Studio Solution File, Format Version 12.00
# Visual Studio 14
VisualStudioVersion = 14.0.25420.1
MinimumVisualStudioVersion = 10.0.40219.1
Project("{FAE04EC0-301F-11D3-BF4B-00C04F79EFBC}") = "DB.OAuth.Service", "DB.OAuth.Service\DB.OAuth.Service.csproj", "{3744E4D2-F82B-482C-B3C2-C8C6120E8D3F}"
EndProject
Project("{FAE04EC0-301F-11D3-BF4B-00C04F79EFBC}") = "DB.NorthWind.Service", "DB.NorthWind.Service\DB.NorthWind.Service.csproj", "{DA9B4123-2257-45CE-AFD1-BAF8E8096BD8}"
EndProject
Project("{FAE04EC0-301F-11D3-BF4B-00C04F79EFBC}") = "DB.Web.App", "DB.Web.App\DB.Web.App.csproj", "{DC668844-F09A-4809-B7F0-6B69A082A2A8}"
EndProject
Global
	GlobalSection(SolutionConfigurationPlatforms) = preSolution
		Debug|Any CPU = Debug|Any CPU
		Release|Any CPU = Release|Any CPU
	EndGlobalSection
	GlobalSection(ProjectConfigurationPlatforms) = postSolution
		{3744E4D2-F82B-482C-B3C2-C8C6120E8D3F}.Debug|Any CPU.ActiveCfg = Debug|Any CPU
		{3744E4D2-F82B-482C-B3C2-C8C6120E8D3F}.Debug|Any CPU.Build.0 = Debug|Any CPU
		{3744E4D2-F82B-482C-B3C2-C8C6120E8D3F}.Release|Any CPU.ActiveCfg = Release|Any CPU
		{3744E4D2-F82B-482C-B3C2-C8C6120E8D3F}.Release|Any CPU.Build.0 = Release|Any CPU
		{DA9B4123-2257-45CE-AFD1-BAF8E8096BD8}.Debug|Any CPU.ActiveCfg = Debug|Any CPU
		{DA9B4123-2257-45CE-AFD1-BAF8E8096BD8}.Debug|Any CPU.Build.0 = Debug|Any CPU
		{DA9B4123-2257-45CE-AFD1-BAF8E8096BD8}.Release|Any CPU.ActiveCfg = Release|Any CPU
		{DA9B4123-2257-45CE-AFD1-BAF8E8096BD8}.Release|Any CPU.Build.0 = Release|Any CPU
		{DC668844-F09A-4809-B7F0-6B69A082A2A8}.Debug|Any CPU.ActiveCfg = Debug|Any CPU
		{DC668844-F09A-4809-B7F0-6B69A082A2A8}.Debug|Any CPU.Build.0 = Debug|Any CPU
		{DC668844-F09A-4809-B7F0-6B69A082A2A8}.Release|Any CPU.ActiveCfg = Release|Any CPU
		{DC668844-F09A-4809-B7F0-6B69A082A2A8}.Release|Any CPU.Build.0 = Release|Any CPU
	EndGlobalSection
	GlobalSection(SolutionProperties) = preSolution
		HideSolutionNode = FALSE
	EndGlobalSection
EndGlobal
